
Microsoft Visual Studio Solution File, Format Version 12.00
# Visual Studio Version 16
VisualStudioVersion = 16.0.30503.244
MinimumVisualStudioVersion = 10.0.40219.1
Project("{FAE04EC0-301F-11D3-BF4B-00C04F79EFBC}") = "UnitTestProject1", "UnitTestProject1\UnitTestProject1.csproj", "{8F6DBC70-62E1-48BB-9B33-9EF1F0F4ED70}"
EndProject
Project("{FAE04EC0-301F-11D3-BF4B-00C04F79EFBC}") = "ProblemSolvingLib", "ProblemSolvingLib\ProblemSolvingLib.csproj", "{A28FB9D0-13C3-455C-8C48-7FC6756B920A}"
EndProject
Project("{FAE04EC0-301F-11D3-BF4B-00C04F79EFBC}") = "EulerLib", "EulerLib\EulerLib.csproj", "{0D0A409E-C7BB-469B-9618-3140839B37C7}"
EndProject
Global
	GlobalSection(SolutionConfigurationPlatforms) = preSolution
		Debug|Any CPU = Debug|Any CPU
		Release|Any CPU = Release|Any CPU
	EndGlobalSection
	GlobalSection(ProjectConfigurationPlatforms) = postSolution
		{8F6DBC70-62E1-48BB-9B33-9EF1F0F4ED70}.Debug|Any CPU.ActiveCfg = Debug|Any CPU
		{8F6DBC70-62E1-48BB-9B33-9EF1F0F4ED70}.Debug|Any CPU.Build.0 = Debug|Any CPU
		{8F6DBC70-62E1-48BB-9B33-9EF1F0F4ED70}.Release|Any CPU.ActiveCfg = Release|Any CPU
		{8F6DBC70-62E1-48BB-9B33-9EF1F0F4ED70}.Release|Any CPU.Build.0 = Release|Any CPU
		{A28FB9D0-13C3-455C-8C48-7FC6756B920A}.Debug|Any CPU.ActiveCfg = Debug|Any CPU
		{A28FB9D0-13C3-455C-8C48-7FC6756B920A}.Debug|Any CPU.Build.0 = Debug|Any CPU
		{A28FB9D0-13C3-455C-8C48-7FC6756B920A}.Release|Any CPU.ActiveCfg = Release|Any CPU
		{A28FB9D0-13C3-455C-8C48-7FC6756B920A}.Release|Any CPU.Build.0 = Release|Any CPU
		{0D0A409E-C7BB-469B-9618-3140839B37C7}.Debug|Any CPU.ActiveCfg = Debug|Any CPU
		{0D0A409E-C7BB-469B-9618-3140839B37C7}.Debug|Any CPU.Build.0 = Debug|Any CPU
		{0D0A409E-C7BB-469B-9618-3140839B37C7}.Release|Any CPU.ActiveCfg = Release|Any CPU
		{0D0A409E-C7BB-469B-9618-3140839B37C7}.Release|Any CPU.Build.0 = Release|Any CPU
	EndGlobalSection
	GlobalSection(SolutionProperties) = preSolution
		HideSolutionNode = FALSE
	EndGlobalSection
	GlobalSection(ExtensibilityGlobals) = postSolution
		SolutionGuid = {856588DE-82D9-4CCC-9161-42DC7E4D832C}
	EndGlobalSection
EndGlobal
